{
  "requires": true,
  "lockfileVersion": 1,
  "dependencies": {
    "@vkontakte/vkui": {
      "version": "4.4.0",
      "resolved": "https://registry.npmjs.org/@vkontakte/vkui/-/vkui-4.4.0.tgz",
      "integrity": "sha512-BK/ZdX+dL5Mjfzq1SpWlVLGIBkcyuQYx9B+LLeCOqX/sjtMXEH95CWgP7y5dlBQ6zM5a2i9lAZyXENEcn1g9EQ=="
    }
  }
}
